<Project ToolsVersion="4.0" xmlns="http://schemas.microsoft.com/developer/msbuild/2003">
  <ItemGroup>
    <Filter Include="Source Files">
      <UniqueIdentifier>{4FC737F1-C7A5-4376-A066-2A32D752A2FF}</UniqueIdentifier>
      <Extensions>cpp;c;cc;cxx;def;odl;idl;hpj;bat;asm;asmx</Extensions>
    </Filter>
    <Filter Include="Header Files">
      <UniqueIdentifier>{93995380-89BD-4b04-88EB-625FBE52EBFB}</UniqueIdentifier>
      <Extensions>h;hpp;hxx;hm;inl;inc;xsd</Extensions>
    </Filter>
    <Filter Include="Resource Files">
      <UniqueIdentifier>{67DA6AB6-F800-4c08-8B7A-83BB121AAD01}</UniqueIdentifier>
      <Extensions>rc;ico;cur;bmp;dlg;rc2;rct;bin;rgs;gif;jpg;jpeg;jpe;resx;tiff;tif;png;wav</Extensions>
    </Filter>
    <Filter Include="Blocks">
      <UniqueIdentifier>{5E628D0C-2A15-457E-8616-7C4BF7C0AEA7}</UniqueIdentifier>
    </Filter>
    <Filter Include="Blocks\Cinder-Hap2">
      <UniqueIdentifier>{30806164-0C66-4515-ACF4-7D9586C199B4}</UniqueIdentifier>
    </Filter>
    <Filter Include="Blocks\Cinder-Hap2\src">
      <UniqueIdentifier>{F1C4FE81-A8B1-4BA6-BA26-3551630EB3D2}</UniqueIdentifier>
    </Filter>
    <Filter Include="Blocks\imGui">
      <UniqueIdentifier>{BD295C1F-8169-49C6-BCB4-AD4F082C384D}</UniqueIdentifier>
    </Filter>
    <Filter Include="Blocks\imGui\lib">
      <UniqueIdentifier>{2AA46E9B-41AA-4FA5-982D-AAFD5E6C8254}</UniqueIdentifier>
    </Filter>
    <Filter Include="Blocks\imGui\lib\imgui">
      <UniqueIdentifier>{C358FBB1-744F-4598-B86F-156C1382DC95}</UniqueIdentifier>
    </Filter>
    <Filter Include="Blocks\imGui\src">
      <UniqueIdentifier>{51E5CBC3-0EAF-4801-9B48-4BA27F7AE5E9}</UniqueIdentifier>
    </Filter>
    <Filter Include="Blocks\Reymenta">
      <UniqueIdentifier>{A7073A3D-0040-4E0C-A81D-8F2142B092A9}</UniqueIdentifier>
    </Filter>
    <Filter Include="Blocks\Reymenta\include">
      <UniqueIdentifier>{CD589998-1C9F-4809-A7DC-8D393E263608}</UniqueIdentifier>
    </Filter>
    <Filter Include="Blocks\Reymenta\src">
      <UniqueIdentifier>{A2F7B1D8-D2ED-477C-9A93-106C6FC6EFE3}</UniqueIdentifier>
    </Filter>
    <Filter Include="Blocks\OSC">
      <UniqueIdentifier>{6007729F-AC1D-412A-83F7-014BCFF54985}</UniqueIdentifier>
    </Filter>
    <Filter Include="Blocks\OSC\src">
      <UniqueIdentifier>{5C27DDF2-177E-44FD-8653-DC8A382BAEF3}</UniqueIdentifier>
    </Filter>
    <Filter Include="Blocks\OSC\src\ip">
      <UniqueIdentifier>{1E72A85A-9A8F-4D2E-B12C-776705519537}</UniqueIdentifier>
    </Filter>
    <Filter Include="Blocks\OSC\src\osc">
      <UniqueIdentifier>{4E3E30DB-452F-4D6E-84A8-B595E1C97812}</UniqueIdentifier>
    </Filter>
    <Filter Include="Blocks\OSC\src\ip\win32">
      <UniqueIdentifier>{8E5F0C6B-7302-41E5-B942-6DBECB0DCE69}</UniqueIdentifier>
    </Filter>
  </ItemGroup>
  <ItemGroup>
    <ClCompile Include="..\src\ReymentaHapPlayerApp.cpp">
      <Filter>Source Files</Filter>
    </ClCompile>
    <ClInclude Include="..\include\Resources.h">
      <Filter>Header Files</Filter>
    </ClInclude>
    <ClCompile Include="..\src\ReymentaHapPlayerApp.cpp">
      <Filter>Source Files</Filter>
    </ClCompile>
    <ClCompile Include="..\..\..\blocks\Cinder-Hap2\src\MovieHap.cpp">
      <Filter>Blocks\Cinder-Hap2\src</Filter>
    </ClCompile>
    <ClCompile Include="..\..\..\blocks\Cinder-Hap2\src\HapSupport.c">
      <Filter>Blocks\Cinder-Hap2\src</Filter>
    </ClCompile>
    <ClInclude Include="..\..\..\blocks\Cinder-Hap2\src\HapSupport.h">
      <Filter>Blocks\Cinder-Hap2\src</Filter>
    </ClInclude>
    <ClInclude Include="..\..\..\blocks\Cinder-Hap2\src\MovieHap.h">
      <Filter>Blocks\Cinder-Hap2\src</Filter>
    </ClInclude>
    <ClInclude Include="..\..\..\blocks\Cinder-ImGui\lib\imgui\imgui.h">
      <Filter>Blocks\imGui\lib\imgui</Filter>
    </ClInclude>
    <ClCompile Include="..\..\..\blocks\Cinder-ImGui\lib\imgui\imgui.cpp">
      <Filter>Blocks\imGui\lib\imgui</Filter>
    </ClCompile>
    <ClInclude Include="..\..\..\blocks\Cinder-ImGui\src\ImGuiCinder.h">
      <Filter>Blocks\imGui\src</Filter>
    </ClInclude>
    <ClCompile Include="..\..\..\blocks\Cinder-ImGui\src\ImGuiCinder.cpp">
      <Filter>Blocks\imGui\src</Filter>
    </ClCompile>
    <ClInclude Include="..\..\..\blocks\Cinder-Reymenta\include\AudioWrapper.h">
      <Filter>Blocks\Reymenta\include</Filter>
    </ClInclude>
    <ClInclude Include="..\..\..\blocks\Cinder-Reymenta\include\Batchass.h">
      <Filter>Blocks\Reymenta\include</Filter>
    </ClInclude>
    <ClInclude Include="..\..\..\blocks\Cinder-Reymenta\include\Logger.h">
      <Filter>Blocks\Reymenta\include</Filter>
    </ClInclude>
    <ClInclude Include="..\..\..\blocks\Cinder-Reymenta\include\OSCWrapper.h">
      <Filter>Blocks\Reymenta\include</Filter>
    </ClInclude>
    <ClInclude Include="..\..\..\blocks\Cinder-Reymenta\include\ParameterBag.h">
      <Filter>Blocks\Reymenta\include</Filter>
    </ClInclude>
    <ClInclude Include="..\..\..\blocks\Cinder-Reymenta\include\Shaders.h">
      <Filter>Blocks\Reymenta\include</Filter>
    </ClInclude>
    <ClInclude Include="..\..\..\blocks\Cinder-Reymenta\include\Textures.h">
      <Filter>Blocks\Reymenta\include</Filter>
    </ClInclude>
    <ClInclude Include="..\..\..\blocks\Cinder-Reymenta\include\Watchdog.h">
      <Filter>Blocks\Reymenta\include</Filter>
    </ClInclude>
    <ClCompile Include="..\..\..\blocks\Cinder-Reymenta\src\AudioWrapper.cpp">
      <Filter>Blocks\Reymenta\src</Filter>
    </ClCompile>
    <ClCompile Include="..\..\..\blocks\Cinder-Reymenta\src\Batchass.cpp">
      <Filter>Blocks\Reymenta\src</Filter>
    </ClCompile>
    <ClCompile Include="..\..\..\blocks\Cinder-Reymenta\src\Logger.cpp">
      <Filter>Blocks\Reymenta\src</Filter>
    </ClCompile>
    <ClCompile Include="..\..\..\blocks\Cinder-Reymenta\src\OSCWrapper.cpp">
      <Filter>Blocks\Reymenta\src</Filter>
    </ClCompile>
    <ClCompile Include="..\..\..\blocks\Cinder-Reymenta\src\ParameterBag.cpp">
      <Filter>Blocks\Reymenta\src</Filter>
    </ClCompile>
    <ClCompile Include="..\..\..\blocks\Cinder-Reymenta\src\Shaders.cpp">
      <Filter>Blocks\Reymenta\src</Filter>
    </ClCompile>
    <ClCompile Include="..\..\..\blocks\Cinder-Reymenta\src\Textures.cpp">
      <Filter>Blocks\Reymenta\src</Filter>
    </ClCompile>
    <ClCompile Include="..\..\..\blocks\OSC\src\OscBundle.cpp">
      <Filter>Blocks\OSC\src</Filter>
    </ClCompile>
    <ClCompile Include="..\..\..\blocks\OSC\src\OscListener.cpp">
      <Filter>Blocks\OSC\src</Filter>
    </ClCompile>
    <ClCompile Include="..\..\..\blocks\OSC\src\OscMessage.cpp">
      <Filter>Blocks\OSC\src</Filter>
    </ClCompile>
    <ClCompile Include="..\..\..\blocks\OSC\src\OscSender.cpp">
      <Filter>Blocks\OSC\src</Filter>
    </ClCompile>
    <ClCompile Include="..\..\..\blocks\OSC\src\ip\IpEndpointName.cpp">
      <Filter>Blocks\OSC\src\ip</Filter>
    </ClCompile>
    <ClCompile Include="..\..\..\blocks\OSC\src\osc\OscOutboundPacketStream.cpp">
      <Filter>Blocks\OSC\src\osc</Filter>
    </ClCompile>
    <ClCompile Include="..\..\..\blocks\OSC\src\osc\OscPrintReceivedElements.cpp">
      <Filter>Blocks\OSC\src\osc</Filter>
    </ClCompile>
    <ClCompile Include="..\..\..\blocks\OSC\src\osc\OscReceivedElements.cpp">
      <Filter>Blocks\OSC\src\osc</Filter>
    </ClCompile>
    <ClCompile Include="..\..\..\blocks\OSC\src\osc\OscTypes.cpp">
      <Filter>Blocks\OSC\src\osc</Filter>
    </ClCompile>
    <ClInclude Include="..\..\..\blocks\OSC\src\OscArg.h">
      <Filter>Blocks\OSC\src</Filter>
    </ClInclude>
    <ClInclude Include="..\..\..\blocks\OSC\src\OscBundle.h">
      <Filter>Blocks\OSC\src</Filter>
    </ClInclude>
    <ClInclude Include="..\..\..\blocks\OSC\src\OscListener.h">
      <Filter>Blocks\OSC\src</Filter>
    </ClInclude>
    <ClInclude Include="..\..\..\blocks\OSC\src\OscMessage.h">
      <Filter>Blocks\OSC\src</Filter>
    </ClInclude>
    <ClInclude Include="..\..\..\blocks\OSC\src\OscSender.h">
      <Filter>Blocks\OSC\src</Filter>
    </ClInclude>
    <ClInclude Include="..\..\..\blocks\OSC\src\ip\IpEndpointName.h">
      <Filter>Blocks\OSC\src\ip</Filter>
    </ClInclude>
    <ClInclude Include="..\..\..\blocks\OSC\src\ip\NetworkingUtils.h">
      <Filter>Blocks\OSC\src\ip</Filter>
    </ClInclude>
    <ClInclude Include="..\..\..\blocks\OSC\src\ip\PacketListener.h">
      <Filter>Blocks\OSC\src\ip</Filter>
    </ClInclude>
    <ClInclude Include="..\..\..\blocks\OSC\src\ip\TimerListener.h">
      <Filter>Blocks\OSC\src\ip</Filter>
    </ClInclude>
    <ClInclude Include="..\..\..\blocks\OSC\src\ip\UdpSocket.h">
      <Filter>Blocks\OSC\src\ip</Filter>
    </ClInclude>
    <ClInclude Include="..\..\..\blocks\OSC\src\osc\MessageMappingOscPacketListener.h">
      <Filter>Blocks\OSC\src\osc</Filter>
    </ClInclude>
    <ClInclude Include="..\..\..\blocks\OSC\src\osc\OscException.h">
      <Filter>Blocks\OSC\src\osc</Filter>
    </ClInclude>
    <ClInclude Include="..\..\..\blocks\OSC\src\osc\OscHostEndianness.h">
      <Filter>Blocks\OSC\src\osc</Filter>
    </ClInclude>
    <ClInclude Include="..\..\..\blocks\OSC\src\osc\OscOutboundPacketStream.h">
      <Filter>Blocks\OSC\src\osc</Filter>
    </ClInclude>
    <ClInclude Include="..\..\..\blocks\OSC\src\osc\OscPacketListener.h">
      <Filter>Blocks\OSC\src\osc</Filter>
    </ClInclude>
    <ClInclude Include="..\..\..\blocks\OSC\src\osc\OscPrintReceivedElements.h">
      <Filter>Blocks\OSC\src\osc</Filter>
    </ClInclude>
    <ClInclude Include="..\..\..\blocks\OSC\src\osc\OscReceivedElements.h">
      <Filter>Blocks\OSC\src\osc</Filter>
    </ClInclude>
    <ClInclude Include="..\..\..\blocks\OSC\src\osc\OscTypes.h">
      <Filter>Blocks\OSC\src\osc</Filter>
    </ClInclude>
    <ClCompile Include="..\..\..\blocks\OSC\src\ip\win32\NetworkingUtils.cpp">
      <Filter>Blocks\OSC\src\ip\win32</Filter>
    </ClCompile>
    <ClCompile Include="..\..\..\blocks\OSC\src\ip\win32\UdpSocket.cpp">
      <Filter>Blocks\OSC\src\ip\win32</Filter>
    </ClCompile>
  </ItemGroup>
  <ItemGroup>
    <ClInclude Include="..\include\Resources.h">
      <Filter>Header Files</Filter>
    </ClInclude>
  </ItemGroup>
  <ItemGroup>
    <ResourceCompile Include="Resources.rc">
      <Filter>Resource Files</Filter>
    </ResourceCompile>
  </ItemGroup>
</Project>
